// !$*UTF8*$!
{
	archiveVersion = 1;
	classes = {
	};
	objectVersion = 50;
	objects = {

/* Begin PBXBuildFile section */
		58C02D5321012D580021FC25 /* AppDelegate.swift in Sources */ = {isa = PBXBuildFile; fileRef = 58C02D5221012D580021FC25 /* AppDelegate.swift */; };
		58C02D5821012D580021FC25 /* Main.storyboard in Resources */ = {isa = PBXBuildFile; fileRef = 58C02D5621012D580021FC25 /* Main.storyboard */; };
		58C02D5A21012D590021FC25 /* Assets.xcassets in Resources */ = {isa = PBXBuildFile; fileRef = 58C02D5921012D590021FC25 /* Assets.xcassets */; };
		58C02D5D21012D590021FC25 /* LaunchScreen.storyboard in Resources */ = {isa = PBXBuildFile; fileRef = 58C02D5B21012D590021FC25 /* LaunchScreen.storyboard */; };
		58C02D6821012D590021FC25 /* InAndOutTests.swift in Sources */ = {isa = PBXBuildFile; fileRef = 58C02D6721012D590021FC25 /* InAndOutTests.swift */; };
		58C02D7321012D590021FC25 /* InAndOutUITests.swift in Sources */ = {isa = PBXBuildFile; fileRef = 58C02D7221012D590021FC25 /* InAndOutUITests.swift */; };
		58C02D8121012F560021FC25 /* InAndOutController.swift in Sources */ = {isa = PBXBuildFile; fileRef = 58C02D8021012F560021FC25 /* InAndOutController.swift */; };
		58C02D83210130940021FC25 /* Person.swift in Sources */ = {isa = PBXBuildFile; fileRef = 58C02D82210130940021FC25 /* Person.swift */; };
		58C02D85210134150021FC25 /* People.swift in Sources */ = {isa = PBXBuildFile; fileRef = 58C02D84210134150021FC25 /* People.swift */; };
		58C02D89210137590021FC25 /* PersonCell.swift in Sources */ = {isa = PBXBuildFile; fileRef = 58C02D88210137590021FC25 /* PersonCell.swift */; };
		58C02D8F21023E380021FC25 /* DetailViewController.swift in Sources */ = {isa = PBXBuildFile; fileRef = 58C02D8E21023E380021FC25 /* DetailViewController.swift */; };
/* End PBXBuildFile section */

/* Begin PBXContainerItemProxy section */
		58C02D6421012D590021FC25 /* PBXContainerItemProxy */ = {
			isa = PBXContainerItemProxy;
			containerPortal = 58C02D4721012D580021FC25 /* Project object */;
			proxyType = 1;
			remoteGlobalIDString = 58C02D4E21012D580021FC25;
			remoteInfo = InAndOut;
		};
		58C02D6F21012D590021FC25 /* PBXContainerItemProxy */ = {
			isa = PBXContainerItemProxy;
			containerPortal = 58C02D4721012D580021FC25 /* Project object */;
			proxyType = 1;
			remoteGlobalIDString = 58C02D4E21012D580021FC25;
			remoteInfo = InAndOut;
		};
/* End PBXContainerItemProxy section */

/* Begin PBXFileReference section */
		58C02D4F21012D580021FC25 /* InAndOut.app */ = {isa = PBXFileReference; explicitFileType = wrapper.application; includeInIndex = 0; path = InAndOut.app; sourceTree = BUILT_PRODUCTS_DIR; };
		58C02D5221012D580021FC25 /* AppDelegate.swift */ = {isa = PBXFileReference; lastKnownFileType = sourcecode.swift; path = AppDelegate.swift; sourceTree = "<group>"; };
		58C02D5721012D580021FC25 /* Base */ = {isa = PBXFileReference; lastKnownFileType = file.storyboard; name = Base; path = Base.lproj/Main.storyboard; sourceTree = "<group>"; };
		58C02D5921012D590021FC25 /* Assets.xcassets */ = {isa = PBXFileReference; lastKnownFileType = folder.assetcatalog; path = Assets.xcassets; sourceTree = "<group>"; };
		58C02D5C21012D590021FC25 /* Base */ = {isa = PBXFileReference; lastKnownFileType = file.storyboard; name = Base; path = Base.lproj/LaunchScreen.storyboard; sourceTree = "<group>"; };
		58C02D5E21012D590021FC25 /* Info.plist */ = {isa = PBXFileReference; lastKnownFileType = text.plist.xml; path = Info.plist; sourceTree = "<group>"; };
		58C02D6321012D590021FC25 /* InAndOutTests.xctest */ = {isa = PBXFileReference; explicitFileType = wrapper.cfbundle; includeInIndex = 0; path = InAndOutTests.xctest; sourceTree = BUILT_PRODUCTS_DIR; };
		58C02D6721012D590021FC25 /* InAndOutTests.swift */ = {isa = PBXFileReference; lastKnownFileType = sourcecode.swift; path = InAndOutTests.swift; sourceTree = "<group>"; };
		58C02D6921012D590021FC25 /* Info.plist */ = {isa = PBXFileReference; lastKnownFileType = text.plist.xml; path = Info.plist; sourceTree = "<group>"; };
		58C02D6E21012D590021FC25 /* InAndOutUITests.xctest */ = {isa = PBXFileReference; explicitFileType = wrapper.cfbundle; includeInIndex = 0; path = InAndOutUITests.xctest; sourceTree = BUILT_PRODUCTS_DIR; };
		58C02D7221012D590021FC25 /* InAndOutUITests.swift */ = {isa = PBXFileReference; lastKnownFileType = sourcecode.swift; path = InAndOutUITests.swift; sourceTree = "<group>"; };
		58C02D7421012D590021FC25 /* Info.plist */ = {isa = PBXFileReference; lastKnownFileType = text.plist.xml; path = Info.plist; sourceTree = "<group>"; };
		58C02D8021012F560021FC25 /* InAndOutController.swift */ = {isa = PBXFileReference; lastKnownFileType = sourcecode.swift; path = InAndOutController.swift; sourceTree = "<group>"; };
		58C02D82210130940021FC25 /* Person.swift */ = {isa = PBXFileReference; lastKnownFileType = sourcecode.swift; path = Person.swift; sourceTree = "<group>"; };
		58C02D84210134150021FC25 /* People.swift */ = {isa = PBXFileReference; lastKnownFileType = sourcecode.swift; path = People.swift; sourceTree = "<group>"; };
		58C02D88210137590021FC25 /* PersonCell.swift */ = {isa = PBXFileReference; lastKnownFileType = sourcecode.swift; path = PersonCell.swift; sourceTree = "<group>"; };
		58C02D8E21023E380021FC25 /* DetailViewController.swift */ = {isa = PBXFileReference; lastKnownFileType = sourcecode.swift; path = DetailViewController.swift; sourceTree = "<group>"; };
/* End PBXFileReference section */

/* Begin PBXFrameworksBuildPhase section */
		58C02D4C21012D580021FC25 /* Frameworks */ = {
			isa = PBXFrameworksBuildPhase;
			buildActionMask = 2147483647;
			files = (
			);
			runOnlyForDeploymentPostprocessing = 0;
		};
		58C02D6021012D590021FC25 /* Frameworks */ = {
			isa = PBXFrameworksBuildPhase;
			buildActionMask = 2147483647;
			files = (
			);
			runOnlyForDeploymentPostprocessing = 0;
		};
		58C02D6B21012D590021FC25 /* Frameworks */ = {
			isa = PBXFrameworksBuildPhase;
			buildActionMask = 2147483647;
			files = (
			);
			runOnlyForDeploymentPostprocessing = 0;
		};
/* End PBXFrameworksBuildPhase section */

/* Begin PBXGroup section */
		58C02D4621012D580021FC25 = {
			isa = PBXGroup;
			children = (
				58C02D5121012D580021FC25 /* InAndOut */,
				58C02D6621012D590021FC25 /* InAndOutTests */,
				58C02D7121012D590021FC25 /* InAndOutUITests */,
				58C02D5021012D580021FC25 /* Products */,
			);
			sourceTree = "<group>";
		};
		58C02D5021012D580021FC25 /* Products */ = {
			isa = PBXGroup;
			children = (
				58C02D4F21012D580021FC25 /* InAndOut.app */,
				58C02D6321012D590021FC25 /* InAndOutTests.xctest */,
				58C02D6E21012D590021FC25 /* InAndOutUITests.xctest */,
			);
			name = Products;
			sourceTree = "<group>";
		};
		58C02D5121012D580021FC25 /* InAndOut */ = {
			isa = PBXGroup;
			children = (
				58C02D8E21023E380021FC25 /* DetailViewController.swift */,
				58C02D88210137590021FC25 /* PersonCell.swift */,
				58C02D5221012D580021FC25 /* AppDelegate.swift */,
				58C02D5621012D580021FC25 /* Main.storyboard */,
				58C02D84210134150021FC25 /* People.swift */,
				58C02D82210130940021FC25 /* Person.swift */,
				58C02D8021012F560021FC25 /* InAndOutController.swift */,
				58C02D5921012D590021FC25 /* Assets.xcassets */,
				58C02D5B21012D590021FC25 /* LaunchScreen.storyboard */,
				58C02D5E21012D590021FC25 /* Info.plist */,
			);
			path = InAndOut;
			sourceTree = "<group>";
		};
		58C02D6621012D590021FC25 /* InAndOutTests */ = {
			isa = PBXGroup;
			children = (
				58C02D6721012D590021FC25 /* InAndOutTests.swift */,
				58C02D6921012D590021FC25 /* Info.plist */,
			);
			path = InAndOutTests;
			sourceTree = "<group>";
		};
		58C02D7121012D590021FC25 /* InAndOutUITests */ = {
			isa = PBXGroup;
			children = (
				58C02D7221012D590021FC25 /* InAndOutUITests.swift */,
				58C02D7421012D590021FC25 /* Info.plist */,
			);
			path = InAndOutUITests;
			sourceTree = "<group>";
		};
/* End PBXGroup section */

/* Begin PBXNativeTarget section */
		58C02D4E21012D580021FC25 /* InAndOut */ = {
			isa = PBXNativeTarget;
			buildConfigurationList = 58C02D7721012D590021FC25 /* Build configuration list for PBXNativeTarget "InAndOut" */;
			buildPhases = (
				58C02D4B21012D580021FC25 /* Sources */,
				58C02D4C21012D580021FC25 /* Frameworks */,
				58C02D4D21012D580021FC25 /* Resources */,
			);
			buildRules = (
			);
			dependencies = (
			);
			name = InAndOut;
			productName = InAndOut;
			productReference = 58C02D4F21012D580021FC25 /* InAndOut.app */;
			productType = "com.apple.product-type.application";
		};
		58C02D6221012D590021FC25 /* InAndOutTests */ = {
			isa = PBXNativeTarget;
			buildConfigurationList = 58C02D7A21012D590021FC25 /* Build configuration list for PBXNativeTarget "InAndOutTests" */;
			buildPhases = (
				58C02D5F21012D590021FC25 /* Sources */,
				58C02D6021012D590021FC25 /* Frameworks */,
				58C02D6121012D590021FC25 /* Resources */,
			);
			buildRules = (
			);
			dependencies = (
				58C02D6521012D590021FC25 /* PBXTargetDependency */,
			);
			name = InAndOutTests;
			productName = InAndOutTests;
			productReference = 58C02D6321012D590021FC25 /* InAndOutTests.xctest */;
			productType = "com.apple.product-type.bundle.unit-test";
		};
		58C02D6D21012D590021FC25 /* InAndOutUITests */ = {
			isa = PBXNativeTarget;
			buildConfigurationList = 58C02D7D21012D590021FC25 /* Build configuration list for PBXNativeTarget "InAndOutUITests" */;
			buildPhases = (
				58C02D6A21012D590021FC25 /* Sources */,
				58C02D6B21012D590021FC25 /* Frameworks */,
				58C02D6C21012D590021FC25 /* Resources */,
			);
			buildRules = (
			);
			dependencies = (
				58C02D7021012D590021FC25 /* PBXTargetDependency */,
			);
			name = InAndOutUITests;
			productName = InAndOutUITests;
			productReference = 58C02D6E21012D590021FC25 /* InAndOutUITests.xctest */;
			productType = "com.apple.product-type.bundle.ui-testing";
		};
/* End PBXNativeTarget section */

/* Begin PBXProject section */
		58C02D4721012D580021FC25 /* Project object */ = {
			isa = PBXProject;
			attributes = {
				LastSwiftUpdateCheck = 0940;
				LastUpgradeCheck = 0940;
				ORGANIZATIONNAME = "Sam Dindyal";
				TargetAttributes = {
					58C02D4E21012D580021FC25 = {
						CreatedOnToolsVersion = 9.4.1;
					};
					58C02D6221012D590021FC25 = {
						CreatedOnToolsVersion = 9.4.1;
						TestTargetID = 58C02D4E21012D580021FC25;
					};
					58C02D6D21012D590021FC25 = {
						CreatedOnToolsVersion = 9.4.1;
						TestTargetID = 58C02D4E21012D580021FC25;
					};
				};
			};
			buildConfigurationList = 58C02D4A21012D580021FC25 /* Build configuration list for PBXProject "InAndOut" */;
			compatibilityVersion = "Xcode 9.3";
			developmentRegion = en;
			hasScannedForEncodings = 0;
			knownRegions = (
				en,
				Base,
			);
			mainGroup = 58C02D4621012D580021FC25;
			productRefGroup = 58C02D5021012D580021FC25 /* Products */;
			projectDirPath = "";
			projectRoot = "";
			targets = (
				58C02D4E21012D580021FC25 /* InAndOut */,
				58C02D6221012D590021FC25 /* InAndOutTests */,
				58C02D6D21012D590021FC25 /* InAndOutUITests */,
			);
		};
/* End PBXProject section */

/* Begin PBXResourcesBuildPhase section */
		58C02D4D21012D580021FC25 /* Resources */ = {
			isa = PBXResourcesBuildPhase;
			buildActionMask = 2147483647;
			files = (
				58C02D5D21012D590021FC25 /* LaunchScreen.storyboard in Resources */,
				58C02D5A21012D590021FC25 /* Assets.xcassets in Resources */,
				58C02D5821012D580021FC25 /* Main.storyboard in Resources */,
			);
			runOnlyForDeploymentPostprocessing = 0;
		};
		58C02D6121012D590021FC25 /* Resources */ = {
			isa = PBXResourcesBuildPhase;
			buildActionMask = 2147483647;
			files = (
			);
			runOnlyForDeploymentPostprocessing = 0;
		};
		58C02D6C21012D590021FC25 /* Resources */ = {
			isa = PBXResourcesBuildPhase;
			buildActionMask = 2147483647;
			files = (
			);
			runOnlyForDeploymentPostprocessing = 0;
		};
/* End PBXResourcesBuildPhase section */

/* Begin PBXSourcesBuildPhase section */
		58C02D4B21012D580021FC25 /* Sources */ = {
			isa = PBXSourcesBuildPhase;
			buildActionMask = 2147483647;
			files = (
				58C02D89210137590021FC25 /* PersonCell.swift in Sources */,
				58C02D8121012F560021FC25 /* InAndOutController.swift in Sources */,
				58C02D83210130940021FC25 /* Person.swift in Sources */,
				58C02D8F21023E380021FC25 /* DetailViewController.swift in Sources */,
				58C02D5321012D580021FC25 /* AppDelegate.swift in Sources */,
				58C02D85210134150021FC25 /* People.swift in Sources */,
			);
			runOnlyForDeploymentPostprocessing = 0;
		};
		58C02D5F21012D590021FC25 /* Sources */ = {
			isa = PBXSourcesBuildPhase;
			buildActionMask = 2147483647;
			files = (
				58C02D6821012D590021FC25 /* InAndOutTests.swift in Sources */,
			);
			runOnlyForDeploymentPostprocessing = 0;
		};
		58C02D6A21012D590021FC25 /* Sources */ = {
			isa = PBXSourcesBuildPhase;
			buildActionMask = 2147483647;
			files = (
				58C02D7321012D590021FC25 /* InAndOutUITests.swift in Sources */,
			);
			runOnlyForDeploymentPostprocessing = 0;
		};
/* End PBXSourcesBuildPhase section */

/* Begin PBXTargetDependency section */
		58C02D6521012D590021FC25 /* PBXTargetDependency */ = {
			isa = PBXTargetDependency;
			target = 58C02D4E21012D580021FC25 /* InAndOut */;
			targetProxy = 58C02D6421012D590021FC25 /* PBXContainerItemProxy */;
		};
		58C02D7021012D590021FC25 /* PBXTargetDependency */ = {
			isa = PBXTargetDependency;
			target = 58C02D4E21012D580021FC25 /* InAndOut */;
			targetProxy = 58C02D6F21012D590021FC25 /* PBXContainerItemProxy */;
		};
/* End PBXTargetDependency section */

/* Begin PBXVariantGroup section */
		58C02D5621012D580021FC25 /* Main.storyboard */ = {
			isa = PBXVariantGroup;
			children = (
				58C02D5721012D580021FC25 /* Base */,
			);
			name = Main.storyboard;
			sourceTree = "<group>";
		};
		58C02D5B21012D590021FC25 /* LaunchScreen.storyboard */ = {
			isa = PBXVariantGroup;
			children = (
				58C02D5C21012D590021FC25 /* Base */,
			);
			name = LaunchScreen.storyboard;
			sourceTree = "<group>";
		};
/* End PBXVariantGroup section */

/* Begin XCBuildConfiguration section */
		58C02D7521012D590021FC25 /* Debug */ = {
			isa = XCBuildConfiguration;
			buildSettings = {
				ALWAYS_SEARCH_USER_PATHS = NO;
				CLANG_ANALYZER_NONNULL = YES;
				CLANG_ANALYZER_NUMBER_OBJECT_CONVERSION = YES_AGGRESSIVE;
				CLANG_CXX_LANGUAGE_STANDARD = "gnu++14";
				CLANG_CXX_LIBRARY = "libc++";
				CLANG_ENABLE_MODULES = YES;
				CLANG_ENABLE_OBJC_ARC = YES;
				CLANG_ENABLE_OBJC_WEAK = YES;
				CLANG_WARN_BLOCK_CAPTURE_AUTORELEASING = YES;
				CLANG_WARN_BOOL_CONVERSION = YES;
				CLANG_WARN_COMMA = YES;
				CLANG_WARN_CONSTANT_CONVERSION = YES;
				CLANG_WARN_DEPRECATED_OBJC_IMPLEMENTATIONS = YES;
				CLANG_WARN_DIRECT_OBJC_ISA_USAGE = YES_ERROR;
				CLANG_WARN_DOCUMENTATION_COMMENTS = YES;
				CLANG_WARN_EMPTY_BODY = YES;
				CLANG_WARN_ENUM_CONVERSION = YES;
				CLANG_WARN_INFINITE_RECURSION = YES;
				CLANG_WARN_INT_CONVERSION = YES;
				CLANG_WARN_NON_LITERAL_NULL_CONVERSION = YES;
				CLANG_WARN_OBJC_IMPLICIT_RETAIN_SELF = YES;
				CLANG_WARN_OBJC_LITERAL_CONVERSION = YES;
				CLANG_WARN_OBJC_ROOT_CLASS = YES_ERROR;
				CLANG_WARN_RANGE_LOOP_ANALYSIS = YES;
				CLANG_WARN_STRICT_PROTOTYPES = YES;
				CLANG_WARN_SUSPICIOUS_MOVE = YES;
				CLANG_WARN_UNGUARDED_AVAILABILITY = YES_AGGRESSIVE;
				CLANG_WARN_UNREACHABLE_CODE = YES;
				CLANG_WARN__DUPLICATE_METHOD_MATCH = YES;
				CODE_SIGN_IDENTITY = "iPhone Developer";
				COPY_PHASE_STRIP = NO;
				DEBUG_INFORMATION_FORMAT = dwarf;
				ENABLE_STRICT_OBJC_MSGSEND = YES;
				ENABLE_TESTABILITY = YES;
				GCC_C_LANGUAGE_STANDARD = gnu11;
				GCC_DYNAMIC_NO_PIC = NO;
				GCC_NO_COMMON_BLOCKS = YES;
				GCC_OPTIMIZATION_LEVEL = 0;
				GCC_PREPROCESSOR_DEFINITIONS = (
					"DEBUG=1",
					"$(inherited)",
				);
				GCC_WARN_64_TO_32_BIT_CONVERSION = YES;
				GCC_WARN_ABOUT_RETURN_TYPE = YES_ERROR;
				GCC_WARN_UNDECLARED_SELECTOR = YES;
				GCC_WARN_UNINITIALIZED_AUTOS = YES_AGGRESSIVE;
				GCC_WARN_UNUSED_FUNCTION = YES;
				GCC_WARN_UNUSED_VARIABLE = YES;
				IPHONEOS_DEPLOYMENT_TARGET = 11.4;
				MTL_ENABLE_DEBUG_INFO = YES;
				ONLY_ACTIVE_ARCH = YES;
				SDKROOT = iphoneos;
				SWIFT_ACTIVE_COMPILATION_CONDITIONS = DEBUG;
				SWIFT_OPTIMIZATION_LEVEL = "-Onone";
			};
			name = Debug;
		};
		58C02D7621012D590021FC25 /* Release */ = {
			isa = XCBuildConfiguration;
			buildSettings = {
				ALWAYS_SEARCH_USER_PATHS = NO;
				CLANG_ANALYZER_NONNULL = YES;
				CLANG_ANALYZER_NUMBER_OBJECT_CONVERSION = YES_AGGRESSIVE;
				CLANG_CXX_LANGUAGE_STANDARD = "gnu++14";
				CLANG_CXX_LIBRARY = "libc++";
				CLANG_ENABLE_MODULES = YES;
				CLANG_ENABLE_OBJC_ARC = YES;
				CLANG_ENABLE_OBJC_WEAK = YES;
				CLANG_WARN_BLOCK_CAPTURE_AUTORELEASING = YES;
				CLANG_WARN_BOOL_CONVERSION = YES;
				CLANG_WARN_COMMA = YES;
				CLANG_WARN_CONSTANT_CONVERSION = YES;
				CLANG_WARN_DEPRECATED_OBJC_IMPLEMENTATIONS = YES;
				CLANG_WARN_DIRECT_OBJC_ISA_USAGE = YES_ERROR;
				CLANG_WARN_DOCUMENTATION_COMMENTS = YES;
				CLANG_WARN_EMPTY_BODY = YES;
				CLANG_WARN_ENUM_CONVERSION = YES;
				CLANG_WARN_INFINITE_RECURSION = YES;
				CLANG_WARN_INT_CONVERSION = YES;
				CLANG_WARN_NON_LITERAL_NULL_CONVERSION = YES;
				CLANG_WARN_OBJC_IMPLICIT_RETAIN_SELF = YES;
				CLANG_WARN_OBJC_LITERAL_CONVERSION = YES;
				CLANG_WARN_OBJC_ROOT_CLASS = YES_ERROR;
				CLANG_WARN_RANGE_LOOP_ANALYSIS = YES;
				CLANG_WARN_STRICT_PROTOTYPES = YES;
				CLANG_WARN_SUSPICIOUS_MOVE = YES;
				CLANG_WARN_UNGUARDED_AVAILABILITY = YES_AGGRESSIVE;
				CLANG_WARN_UNREACHABLE_CODE = YES;
				CLANG_WARN__DUPLICATE_METHOD_MATCH = YES;
				CODE_SIGN_IDENTITY = "iPhone Developer";
				COPY_PHASE_STRIP = NO;
				DEBUG_INFORMATION_FORMAT = "dwarf-with-dsym";
				ENABLE_NS_ASSERTIONS = NO;
				ENABLE_STRICT_OBJC_MSGSEND = YES;
				GCC_C_LANGUAGE_STANDARD = gnu11;
				GCC_NO_COMMON_BLOCKS = YES;
				GCC_WARN_64_TO_32_BIT_CONVERSION = YES;
				GCC_WARN_ABOUT_RETURN_TYPE = YES_ERROR;
				GCC_WARN_UNDECLARED_SELECTOR = YES;
				GCC_WARN_UNINITIALIZED_AUTOS = YES_AGGRESSIVE;
				GCC_WARN_UNUSED_FUNCTION = YES;
				GCC_WARN_UNUSED_VARIABLE = YES;
				IPHONEOS_DEPLOYMENT_TARGET = 11.4;
				MTL_ENABLE_DEBUG_INFO = NO;
				SDKROOT = iphoneos;
				SWIFT_COMPILATION_MODE = wholemodule;
				SWIFT_OPTIMIZATION_LEVEL = "-O";
				VALIDATE_PRODUCT = YES;
			};
			name = Release;
		};
		58C02D7821012D590021FC25 /* Debug */ = {
			isa = XCBuildConfiguration;
			buildSettings = {
				ASSETCATALOG_COMPILER_APPICON_NAME = AppIcon;
				CODE_SIGN_STYLE = Automatic;
				DEVELOPMENT_TEAM = 4T4R2ZX7AH;
				INFOPLIST_FILE = InAndOut/Info.plist;
				LD_RUNPATH_SEARCH_PATHS = (
					"$(inherited)",
					"@executable_path/Frameworks",
				);
				PRODUCT_BUNDLE_IDENTIFIER = com.samdindyal.InAndOut;
				PRODUCT_NAME = "$(TARGET_NAME)";
				SWIFT_VERSION = 4.0;
				TARGETED_DEVICE_FAMILY = "1,2";
			};
			name = Debug;
		};
		58C02D7921012D590021FC25 /* Release */ = {
			isa = XCBuildConfiguration;
			buildSettings = {
				ASSETCATALOG_COMPILER_APPICON_NAME = AppIcon;
				CODE_SIGN_STYLE = Automatic;
				DEVELOPMENT_TEAM = 4T4R2ZX7AH;
				INFOPLIST_FILE = InAndOut/Info.plist;
				LD_RUNPATH_SEARCH_PATHS = (
					"$(inherited)",
					"@executable_path/Frameworks",
				);
				PRODUCT_BUNDLE_IDENTIFIER = com.samdindyal.InAndOut;
				PRODUCT_NAME = "$(TARGET_NAME)";
				SWIFT_VERSION = 4.0;
				TARGETED_DEVICE_FAMILY = "1,2";
			};
			name = Release;
		};
		58C02D7B21012D590021FC25 /* Debug */ = {
			isa = XCBuildConfiguration;
			buildSettings = {
				ALWAYS_EMBED_SWIFT_STANDARD_LIBRARIES = YES;
				BUNDLE_LOADER = "$(TEST_HOST)";
				CODE_SIGN_STYLE = Automatic;
				DEVELOPMENT_TEAM = 4T4R2ZX7AH;
				INFOPLIST_FILE = InAndOutTests/Info.plist;
				LD_RUNPATH_SEARCH_PATHS = (
					"$(inherited)",
					"@executable_path/Frameworks",
					"@loader_path/Frameworks",
				);
				PRODUCT_BUNDLE_IDENTIFIER = com.samdindyal.InAndOutTests;
				PRODUCT_NAME = "$(TARGET_NAME)";
				SWIFT_VERSION = 4.0;
				TARGETED_DEVICE_FAMILY = "1,2";
				TEST_HOST = "$(BUILT_PRODUCTS_DIR)/InAndOut.app/InAndOut";
			};
			name = Debug;
		};
		58C02D7C21012D590021FC25 /* Release */ = {
			isa = XCBuildConfiguration;
			buildSettings = {
				ALWAYS_EMBED_SWIFT_STANDARD_LIBRARIES = YES;
				BUNDLE_LOADER = "$(TEST_HOST)";
				CODE_SIGN_STYLE = Automatic;
				DEVELOPMENT_TEAM = 4T4R2ZX7AH;
				INFOPLIST_FILE = InAndOutTests/Info.plist;
				LD_RUNPATH_SEARCH_PATHS = (
					"$(inherited)",
					"@executable_path/Frameworks",
					"@loader_path/Frameworks",
				);
				PRODUCT_BUNDLE_IDENTIFIER = com.samdindyal.InAndOutTests;
				PRODUCT_NAME = "$(TARGET_NAME)";
				SWIFT_VERSION = 4.0;
				TARGETED_DEVICE_FAMILY = "1,2";
				TEST_HOST = "$(BUILT_PRODUCTS_DIR)/InAndOut.app/InAndOut";
			};
			name = Release;
		};
		58C02D7E21012D590021FC25 /* Debug */ = {
			isa = XCBuildConfiguration;
			buildSettings = {
				ALWAYS_EMBED_SWIFT_STANDARD_LIBRARIES = YES;
				CODE_SIGN_STYLE = Automatic;
				DEVELOPMENT_TEAM = 4T4R2ZX7AH;
				INFOPLIST_FILE = InAndOutUITests/Info.plist;
				LD_RUNPATH_SEARCH_PATHS = (
					"$(inherited)",
					"@executable_path/Frameworks",
					"@loader_path/Frameworks",
				);
				PRODUCT_BUNDLE_IDENTIFIER = com.samdindyal.InAndOutUITests;
				PRODUCT_NAME = "$(TARGET_NAME)";
				SWIFT_VERSION = 4.0;
				TARGETED_DEVICE_FAMILY = "1,2";
				TEST_TARGET_NAME = InAndOut;
			};
			name = Debug;
		};
		58C02D7F21012D590021FC25 /* Release */ = {
			isa = XCBuildConfiguration;
			buildSettings = {
				ALWAYS_EMBED_SWIFT_STANDARD_LIBRARIES = YES;
				CODE_SIGN_STYLE = Automatic;
				DEVELOPMENT_TEAM = 4T4R2ZX7AH;
				INFOPLIST_FILE = InAndOutUITests/Info.plist;
				LD_RUNPATH_SEARCH_PATHS = (
					"$(inherited)",
					"@executable_path/Frameworks",
					"@loader_path/Frameworks",
				);
				PRODUCT_BUNDLE_IDENTIFIER = com.samdindyal.InAndOutUITests;
				PRODUCT_NAME = "$(TARGET_NAME)";
				SWIFT_VERSION = 4.0;
				TARGETED_DEVICE_FAMILY = "1,2";
				TEST_TARGET_NAME = InAndOut;
			};
			name = Release;
		};
/* End XCBuildConfiguration section */

/* Begin XCConfigurationList section */
		58C02D4A21012D580021FC25 /* Build configuration list for PBXProject "InAndOut" */ = {
			isa = XCConfigurationList;
			buildConfigurations = (
				58C02D7521012D590021FC25 /* Debug */,
				58C02D7621012D590021FC25 /* Release */,
			);
			defaultConfigurationIsVisible = 0;
			defaultConfigurationName = Release;
		};
		58C02D7721012D590021FC25 /* Build configuration list for PBXNativeTarget "InAndOut" */ = {
			isa = XCConfigurationList;
			buildConfigurations = (
				58C02D7821012D590021FC25 /* Debug */,
				58C02D7921012D590021FC25 /* Release */,
			);
			defaultConfigurationIsVisible = 0;
			defaultConfigurationName = Release;
		};
		58C02D7A21012D590021FC25 /* Build configuration list for PBXNativeTarget "InAndOutTests" */ = {
			isa = XCConfigurationList;
			buildConfigurations = (
				58C02D7B21012D590021FC25 /* Debug */,
				58C02D7C21012D590021FC25 /* Release */,
			);
			defaultConfigurationIsVisible = 0;
			defaultConfigurationName = Release;
		};
		58C02D7D21012D590021FC25 /* Build configuration list for PBXNativeTarget "InAndOutUITests" */ = {
			isa = XCConfigurationList;
			buildConfigurations = (
				58C02D7E21012D590021FC25 /* Debug */,
				58C02D7F21012D590021FC25 /* Release */,
			);
			defaultConfigurationIsVisible = 0;
			defaultConfigurationName = Release;
		};
/* End XCConfigurationList section */
	};
	rootObject = 58C02D4721012D580021FC25 /* Project object */;
}
